// !$*UTF8*$!
{
	archiveVersion = 1;
	classes = {
	};
	objectVersion = 48;
	objects = {

/* Begin PBXBuildFile section */
		258B06561FC837C6003A09B8 /* NewPlaceBoard.storyboard in Resources */ = {isa = PBXBuildFile; fileRef = 258B06551FC837C6003A09B8 /* NewPlaceBoard.storyboard */; };
		258B06581FC861A1003A09B8 /* high.jpg in Resources */ = {isa = PBXBuildFile; fileRef = 258B06571FC861A1003A09B8 /* high.jpg */; };
		258B065A1FC861D6003A09B8 /* AddNewPlaceController.swift in Sources */ = {isa = PBXBuildFile; fileRef = 258B06591FC861D6003A09B8 /* AddNewPlaceController.swift */; };
		25ACDC721FCC227400695896 /* Rating.swift in Sources */ = {isa = PBXBuildFile; fileRef = 25ACDC711FCC227400695896 /* Rating.swift */; };
		2B4BA9131FC5EC0E00B5E598 /* DetailPlace.storyboard in Resources */ = {isa = PBXBuildFile; fileRef = 2B4BA90F1FC5EC0E00B5E598 /* DetailPlace.storyboard */; };
		2B4BA9141FC5EC0E00B5E598 /* DetailPlaceViewController.swift in Sources */ = {isa = PBXBuildFile; fileRef = 2B4BA9101FC5EC0E00B5E598 /* DetailPlaceViewController.swift */; };
		2B4BA9151FC5EC0E00B5E598 /* PhotoCollectionViewCell.swift in Sources */ = {isa = PBXBuildFile; fileRef = 2B4BA9111FC5EC0E00B5E598 /* PhotoCollectionViewCell.swift */; };
		2B4BA9161FC5EC0E00B5E598 /* PhotoPagingViewController.swift in Sources */ = {isa = PBXBuildFile; fileRef = 2B4BA9121FC5EC0E00B5E598 /* PhotoPagingViewController.swift */; };
		2BCDF2331FC83DE500EA96F0 /* TestModelPlace.swift in Sources */ = {isa = PBXBuildFile; fileRef = 2BCDF2321FC83DE500EA96F0 /* TestModelPlace.swift */; };
		2BCDF2361FC8481B00EA96F0 /* Extension for Double.swift in Sources */ = {isa = PBXBuildFile; fileRef = 2BCDF2351FC8481B00EA96F0 /* Extension for Double.swift */; };
		49E3C0091FC6D18E00400A06 /* UIButtonX.swift in Sources */ = {isa = PBXBuildFile; fileRef = 49E3C0081FC6D18E00400A06 /* UIButtonX.swift */; };
		49E3C00B1FC6D19300400A06 /* UIViewX.swift in Sources */ = {isa = PBXBuildFile; fileRef = 49E3C00A1FC6D19300400A06 /* UIViewX.swift */; };
		49E3C00D1FC6D1A000400A06 /* FloatingActionButton.swift in Sources */ = {isa = PBXBuildFile; fileRef = 49E3C00C1FC6D1A000400A06 /* FloatingActionButton.swift */; };
		49E3C00F1FC6E12800400A06 /* UIImageViewX.swift in Sources */ = {isa = PBXBuildFile; fileRef = 49E3C00E1FC6E12800400A06 /* UIImageViewX.swift */; };
		529191691FC715A0008FD5AB /* CoreLocation.framework in Frameworks */ = {isa = PBXBuildFile; fileRef = 529191681FC71598008FD5AB /* CoreLocation.framework */; };
		5291916B1FCC1E02008FD5AB /* myAnnotation.swift in Sources */ = {isa = PBXBuildFile; fileRef = 5291916A1FCC1E02008FD5AB /* myAnnotation.swift */; };
		52E5577C1FCA4E90000B7FFC /* CustomTransitionAnimator.swift in Sources */ = {isa = PBXBuildFile; fileRef = 52E5577B1FCA4E90000B7FFC /* CustomTransitionAnimator.swift */; };
		757042221FCB09450075FC87 /* Validator.swift in Sources */ = {isa = PBXBuildFile; fileRef = 757042211FCB09450075FC87 /* Validator.swift */; };
		757042241FCB09620075FC87 /* User.swift in Sources */ = {isa = PBXBuildFile; fileRef = 757042231FCB09620075FC87 /* User.swift */; };
		757042261FCB097B0075FC87 /* AuthService.swift in Sources */ = {isa = PBXBuildFile; fileRef = 757042251FCB097B0075FC87 /* AuthService.swift */; };
		75F7EB741FC59B75002F169E /* LoginViewController.swift in Sources */ = {isa = PBXBuildFile; fileRef = 75F7EB731FC59B75002F169E /* LoginViewController.swift */; };
		75F7EB761FC59B84002F169E /* SignUpViewController.swift in Sources */ = {isa = PBXBuildFile; fileRef = 75F7EB751FC59B84002F169E /* SignUpViewController.swift */; };
		75F7EB791FC59E96002F169E /* ProfileViewController.swift in Sources */ = {isa = PBXBuildFile; fileRef = 75F7EB781FC59E96002F169E /* ProfileViewController.swift */; };
		75F7EB7B1FC59F33002F169E /* Login.storyboard in Resources */ = {isa = PBXBuildFile; fileRef = 75F7EB7A1FC59F33002F169E /* Login.storyboard */; };
		75F7EB7F1FC59F58002F169E /* Profile.storyboard in Resources */ = {isa = PBXBuildFile; fileRef = 75F7EB7E1FC59F58002F169E /* Profile.storyboard */; };
		75F7EB831FC5A8AD002F169E /* GoogleService-Info.plist in Resources */ = {isa = PBXBuildFile; fileRef = 75F7EB821FC5A8AD002F169E /* GoogleService-Info.plist */; };
		8A8C5C761FC57F3E00A834EA /* AppDelegate.swift in Sources */ = {isa = PBXBuildFile; fileRef = 8A8C5C751FC57F3E00A834EA /* AppDelegate.swift */; };
		8A8C5C781FC57F3E00A834EA /* ViewController.swift in Sources */ = {isa = PBXBuildFile; fileRef = 8A8C5C771FC57F3E00A834EA /* ViewController.swift */; };
		8A8C5C7B1FC57F3E00A834EA /* Main.storyboard in Resources */ = {isa = PBXBuildFile; fileRef = 8A8C5C791FC57F3E00A834EA /* Main.storyboard */; };
		8A8C5C7D1FC57F3E00A834EA /* Assets.xcassets in Resources */ = {isa = PBXBuildFile; fileRef = 8A8C5C7C1FC57F3E00A834EA /* Assets.xcassets */; };
		8A8C5C801FC57F3E00A834EA /* LaunchScreen.storyboard in Resources */ = {isa = PBXBuildFile; fileRef = 8A8C5C7E1FC57F3E00A834EA /* LaunchScreen.storyboard */; };
		8A8C5C881FC5A1B000A834EA /* MapViewController.swift in Sources */ = {isa = PBXBuildFile; fileRef = 8A8C5C871FC5A1B000A834EA /* MapViewController.swift */; };
		8A8C5C8A1FC5A1C100A834EA /* ListViewController.swift in Sources */ = {isa = PBXBuildFile; fileRef = 8A8C5C891FC5A1C100A834EA /* ListViewController.swift */; };
		8A9BF7781FC6E22E002E970C /* SettingTableViewController.swift in Sources */ = {isa = PBXBuildFile; fileRef = 8A9BF7771FC6E22E002E970C /* SettingTableViewController.swift */; };
		8A9BF77C1FC6F89A002E970C /* ListTableViewCell.swift in Sources */ = {isa = PBXBuildFile; fileRef = 8A9BF77B1FC6F89A002E970C /* ListTableViewCell.swift */; };
		8A9BF77E1FC72238002E970C /* SettingsViewController.swift in Sources */ = {isa = PBXBuildFile; fileRef = 8A9BF77D1FC72238002E970C /* SettingsViewController.swift */; };
		8A9C7C791FCB1AE8009B9C86 /* SliderTransition.swift in Sources */ = {isa = PBXBuildFile; fileRef = 8A9C7C781FCB1AE8009B9C86 /* SliderTransition.swift */; };
		8A9C7C7B1FCB371A009B9C86 /* Extension for view.swift in Sources */ = {isa = PBXBuildFile; fileRef = 8A9C7C7A1FCB371A009B9C86 /* Extension for view.swift */; };
		8AA21ED51FC8446B0046202F /* MapFilterTableViewCell.swift in Sources */ = {isa = PBXBuildFile; fileRef = 8AA21ED41FC8446B0046202F /* MapFilterTableViewCell.swift */; };
		8AAC34041FC6D3BE0060C3A2 /* Settings.storyboard in Resources */ = {isa = PBXBuildFile; fileRef = 8AAC34031FC6D3BE0060C3A2 /* Settings.storyboard */; };
		BF830C9C5DBC1BE7459571A2 /* Pods_Places.framework in Frameworks */ = {isa = PBXBuildFile; fileRef = E3AF254E3C5EE01EBA2A9FF6 /* Pods_Places.framework */; };
/* End PBXBuildFile section */

/* Begin PBXFileReference section */
		258B06551FC837C6003A09B8 /* NewPlaceBoard.storyboard */ = {isa = PBXFileReference; lastKnownFileType = file.storyboard; path = NewPlaceBoard.storyboard; sourceTree = "<group>"; };
		258B06571FC861A1003A09B8 /* high.jpg */ = {isa = PBXFileReference; lastKnownFileType = image.jpeg; path = high.jpg; sourceTree = "<group>"; };
		258B06591FC861D6003A09B8 /* AddNewPlaceController.swift */ = {isa = PBXFileReference; lastKnownFileType = sourcecode.swift; path = AddNewPlaceController.swift; sourceTree = "<group>"; };
		25ACDC711FCC227400695896 /* Rating.swift */ = {isa = PBXFileReference; lastKnownFileType = sourcecode.swift; path = Rating.swift; sourceTree = "<group>"; };
		2B4BA90F1FC5EC0E00B5E598 /* DetailPlace.storyboard */ = {isa = PBXFileReference; fileEncoding = 4; lastKnownFileType = file.storyboard; path = DetailPlace.storyboard; sourceTree = "<group>"; };
		2B4BA9101FC5EC0E00B5E598 /* DetailPlaceViewController.swift */ = {isa = PBXFileReference; fileEncoding = 4; lastKnownFileType = sourcecode.swift; path = DetailPlaceViewController.swift; sourceTree = "<group>"; };
		2B4BA9111FC5EC0E00B5E598 /* PhotoCollectionViewCell.swift */ = {isa = PBXFileReference; fileEncoding = 4; lastKnownFileType = sourcecode.swift; path = PhotoCollectionViewCell.swift; sourceTree = "<group>"; };
		2B4BA9121FC5EC0E00B5E598 /* PhotoPagingViewController.swift */ = {isa = PBXFileReference; fileEncoding = 4; lastKnownFileType = sourcecode.swift; path = PhotoPagingViewController.swift; sourceTree = "<group>"; };
		2BCDF2321FC83DE500EA96F0 /* TestModelPlace.swift */ = {isa = PBXFileReference; lastKnownFileType = sourcecode.swift; path = TestModelPlace.swift; sourceTree = "<group>"; };
		2BCDF2351FC8481B00EA96F0 /* Extension for Double.swift */ = {isa = PBXFileReference; lastKnownFileType = sourcecode.swift; path = "Extension for Double.swift"; sourceTree = "<group>"; };
		49E3C0081FC6D18E00400A06 /* UIButtonX.swift */ = {isa = PBXFileReference; fileEncoding = 4; lastKnownFileType = sourcecode.swift; path = UIButtonX.swift; sourceTree = "<group>"; };
		49E3C00A1FC6D19300400A06 /* UIViewX.swift */ = {isa = PBXFileReference; fileEncoding = 4; lastKnownFileType = sourcecode.swift; path = UIViewX.swift; sourceTree = "<group>"; };
		49E3C00C1FC6D1A000400A06 /* FloatingActionButton.swift */ = {isa = PBXFileReference; fileEncoding = 4; lastKnownFileType = sourcecode.swift; path = FloatingActionButton.swift; sourceTree = "<group>"; };
		49E3C00E1FC6E12800400A06 /* UIImageViewX.swift */ = {isa = PBXFileReference; fileEncoding = 4; lastKnownFileType = sourcecode.swift; path = UIImageViewX.swift; sourceTree = "<group>"; };
		529191681FC71598008FD5AB /* CoreLocation.framework */ = {isa = PBXFileReference; lastKnownFileType = wrapper.framework; name = CoreLocation.framework; path = System/Library/Frameworks/CoreLocation.framework; sourceTree = SDKROOT; };
		5291916A1FCC1E02008FD5AB /* myAnnotation.swift */ = {isa = PBXFileReference; lastKnownFileType = sourcecode.swift; path = myAnnotation.swift; sourceTree = "<group>"; };
		52E5577B1FCA4E90000B7FFC /* CustomTransitionAnimator.swift */ = {isa = PBXFileReference; lastKnownFileType = sourcecode.swift; path = CustomTransitionAnimator.swift; sourceTree = "<group>"; };
		612ABD6E4073E47B3FBF9A37 /* Pods-Places.debug.xcconfig */ = {isa = PBXFileReference; includeInIndex = 1; lastKnownFileType = text.xcconfig; name = "Pods-Places.debug.xcconfig"; path = "Pods/Target Support Files/Pods-Places/Pods-Places.debug.xcconfig"; sourceTree = "<group>"; };
		757042211FCB09450075FC87 /* Validator.swift */ = {isa = PBXFileReference; lastKnownFileType = sourcecode.swift; path = Validator.swift; sourceTree = "<group>"; };
		757042231FCB09620075FC87 /* User.swift */ = {isa = PBXFileReference; lastKnownFileType = sourcecode.swift; path = User.swift; sourceTree = "<group>"; };
		757042251FCB097B0075FC87 /* AuthService.swift */ = {isa = PBXFileReference; lastKnownFileType = sourcecode.swift; path = AuthService.swift; sourceTree = "<group>"; };
		75F7EB731FC59B75002F169E /* LoginViewController.swift */ = {isa = PBXFileReference; lastKnownFileType = sourcecode.swift; path = LoginViewController.swift; sourceTree = "<group>"; };
		75F7EB751FC59B84002F169E /* SignUpViewController.swift */ = {isa = PBXFileReference; lastKnownFileType = sourcecode.swift; path = SignUpViewController.swift; sourceTree = "<group>"; };
		75F7EB781FC59E96002F169E /* ProfileViewController.swift */ = {isa = PBXFileReference; lastKnownFileType = sourcecode.swift; path = ProfileViewController.swift; sourceTree = "<group>"; };
		75F7EB7A1FC59F33002F169E /* Login.storyboard */ = {isa = PBXFileReference; lastKnownFileType = file.storyboard; path = Login.storyboard; sourceTree = "<group>"; };
		75F7EB7E1FC59F58002F169E /* Profile.storyboard */ = {isa = PBXFileReference; lastKnownFileType = file.storyboard; path = Profile.storyboard; sourceTree = "<group>"; };
		75F7EB821FC5A8AD002F169E /* GoogleService-Info.plist */ = {isa = PBXFileReference; fileEncoding = 4; lastKnownFileType = text.plist.xml; path = "GoogleService-Info.plist"; sourceTree = "<group>"; };
		8A8C5C721FC57F3E00A834EA /* Places.app */ = {isa = PBXFileReference; explicitFileType = wrapper.application; includeInIndex = 0; path = Places.app; sourceTree = BUILT_PRODUCTS_DIR; };
		8A8C5C751FC57F3E00A834EA /* AppDelegate.swift */ = {isa = PBXFileReference; lastKnownFileType = sourcecode.swift; path = AppDelegate.swift; sourceTree = "<group>"; };
		8A8C5C771FC57F3E00A834EA /* ViewController.swift */ = {isa = PBXFileReference; lastKnownFileType = sourcecode.swift; path = ViewController.swift; sourceTree = "<group>"; };
		8A8C5C7A1FC57F3E00A834EA /* Base */ = {isa = PBXFileReference; lastKnownFileType = file.storyboard; name = Base; path = Base.lproj/Main.storyboard; sourceTree = "<group>"; };
		8A8C5C7C1FC57F3E00A834EA /* Assets.xcassets */ = {isa = PBXFileReference; lastKnownFileType = folder.assetcatalog; path = Assets.xcassets; sourceTree = "<group>"; };
		8A8C5C7F1FC57F3E00A834EA /* Base */ = {isa = PBXFileReference; lastKnownFileType = file.storyboard; name = Base; path = Base.lproj/LaunchScreen.storyboard; sourceTree = "<group>"; };
		8A8C5C811FC57F3E00A834EA /* Info.plist */ = {isa = PBXFileReference; lastKnownFileType = text.plist.xml; path = Info.plist; sourceTree = "<group>"; };
		8A8C5C871FC5A1B000A834EA /* MapViewController.swift */ = {isa = PBXFileReference; lastKnownFileType = sourcecode.swift; path = MapViewController.swift; sourceTree = "<group>"; };
		8A8C5C891FC5A1C100A834EA /* ListViewController.swift */ = {isa = PBXFileReference; lastKnownFileType = sourcecode.swift; path = ListViewController.swift; sourceTree = "<group>"; };
		8A9BF7771FC6E22E002E970C /* SettingTableViewController.swift */ = {isa = PBXFileReference; lastKnownFileType = sourcecode.swift; path = SettingTableViewController.swift; sourceTree = "<group>"; };
		8A9BF77B1FC6F89A002E970C /* ListTableViewCell.swift */ = {isa = PBXFileReference; lastKnownFileType = sourcecode.swift; path = ListTableViewCell.swift; sourceTree = "<group>"; };
		8A9BF77D1FC72238002E970C /* SettingsViewController.swift */ = {isa = PBXFileReference; lastKnownFileType = sourcecode.swift; path = SettingsViewController.swift; sourceTree = "<group>"; };
		8A9C7C781FCB1AE8009B9C86 /* SliderTransition.swift */ = {isa = PBXFileReference; lastKnownFileType = sourcecode.swift; path = SliderTransition.swift; sourceTree = "<group>"; };
		8A9C7C7A1FCB371A009B9C86 /* Extension for view.swift */ = {isa = PBXFileReference; lastKnownFileType = sourcecode.swift; path = "Extension for view.swift"; sourceTree = "<group>"; };
		8AA21ED41FC8446B0046202F /* MapFilterTableViewCell.swift */ = {isa = PBXFileReference; lastKnownFileType = sourcecode.swift; path = MapFilterTableViewCell.swift; sourceTree = "<group>"; };
		8AAC34031FC6D3BE0060C3A2 /* Settings.storyboard */ = {isa = PBXFileReference; lastKnownFileType = file.storyboard; path = Settings.storyboard; sourceTree = "<group>"; };
		CB4057642B85CB5208C2B10D /* Pods-Places.release.xcconfig */ = {isa = PBXFileReference; includeInIndex = 1; lastKnownFileType = text.xcconfig; name = "Pods-Places.release.xcconfig"; path = "Pods/Target Support Files/Pods-Places/Pods-Places.release.xcconfig"; sourceTree = "<group>"; };
		E3AF254E3C5EE01EBA2A9FF6 /* Pods_Places.framework */ = {isa = PBXFileReference; explicitFileType = wrapper.framework; includeInIndex = 0; path = Pods_Places.framework; sourceTree = BUILT_PRODUCTS_DIR; };
/* End PBXFileReference section */

/* Begin PBXFrameworksBuildPhase section */
		8A8C5C6F1FC57F3E00A834EA /* Frameworks */ = {
			isa = PBXFrameworksBuildPhase;
			buildActionMask = 2147483647;
			files = (
				529191691FC715A0008FD5AB /* CoreLocation.framework in Frameworks */,
				BF830C9C5DBC1BE7459571A2 /* Pods_Places.framework in Frameworks */,
			);
			runOnlyForDeploymentPostprocessing = 0;
		};
/* End PBXFrameworksBuildPhase section */

/* Begin PBXGroup section */
		258B06541FC8377B003A09B8 /* AddPlace */ = {
			isa = PBXGroup;
			children = (
				258B06551FC837C6003A09B8 /* NewPlaceBoard.storyboard */,
				258B06571FC861A1003A09B8 /* high.jpg */,
				258B06591FC861D6003A09B8 /* AddNewPlaceController.swift */,
			);
			path = AddPlace;
			sourceTree = "<group>";
		};
		2B4BA90E1FC5EC0E00B5E598 /* Detail Place */ = {
			isa = PBXGroup;
			children = (
				2B4BA90F1FC5EC0E00B5E598 /* DetailPlace.storyboard */,
				2B4BA9101FC5EC0E00B5E598 /* DetailPlaceViewController.swift */,
				2BCDF2321FC83DE500EA96F0 /* TestModelPlace.swift */,
				2B4BA9111FC5EC0E00B5E598 /* PhotoCollectionViewCell.swift */,
				2B4BA9121FC5EC0E00B5E598 /* PhotoPagingViewController.swift */,
				25ACDC711FCC227400695896 /* Rating.swift */,
			);
			path = "Detail Place";
			sourceTree = "<group>";
		};
		2BCDF2341FC847ED00EA96F0 /* Extensions */ = {
			isa = PBXGroup;
			children = (
				2BCDF2351FC8481B00EA96F0 /* Extension for Double.swift */,
				8A9C7C7A1FCB371A009B9C86 /* Extension for view.swift */,
			);
			path = Extensions;
			sourceTree = "<group>";
		};
		49E3C0071FC6D0CF00400A06 /* Custom elements */ = {
			isa = PBXGroup;
			children = (
				49E3C00C1FC6D1A000400A06 /* FloatingActionButton.swift */,
				49E3C00A1FC6D19300400A06 /* UIViewX.swift */,
				49E3C00E1FC6E12800400A06 /* UIImageViewX.swift */,
				49E3C0081FC6D18E00400A06 /* UIButtonX.swift */,
			);
			path = "Custom elements";
			sourceTree = "<group>";
		};
		52E5577A1FCA4868000B7FFC /* CustomTransition */ = {
			isa = PBXGroup;
			children = (
				52E5577B1FCA4E90000B7FFC /* CustomTransitionAnimator.swift */,
			);
			path = CustomTransition;
			sourceTree = "<group>";
		};
		68BFA9EE6ACA38C160097694 /* Frameworks */ = {
			isa = PBXGroup;
			children = (
				529191681FC71598008FD5AB /* CoreLocation.framework */,
				E3AF254E3C5EE01EBA2A9FF6 /* Pods_Places.framework */,
			);
			name = Frameworks;
			sourceTree = "<group>";
		};
		75F7EB721FC59B5B002F169E /* Login */ = {
			isa = PBXGroup;
			children = (
				75F7EB731FC59B75002F169E /* LoginViewController.swift */,
				75F7EB751FC59B84002F169E /* SignUpViewController.swift */,
				757042211FCB09450075FC87 /* Validator.swift */,
				757042231FCB09620075FC87 /* User.swift */,
				757042251FCB097B0075FC87 /* AuthService.swift */,
				75F7EB7A1FC59F33002F169E /* Login.storyboard */,
			);
			path = Login;
			sourceTree = "<group>";
		};
		75F7EB771FC59E80002F169E /* Profile */ = {
			isa = PBXGroup;
			children = (
				75F7EB781FC59E96002F169E /* ProfileViewController.swift */,
				75F7EB7E1FC59F58002F169E /* Profile.storyboard */,
			);
			path = Profile;
			sourceTree = "<group>";
		};
		8A8C5C691FC57F3E00A834EA = {
			isa = PBXGroup;
			children = (
				8A8C5C741FC57F3E00A834EA /* Places */,
				8A8C5C731FC57F3E00A834EA /* Products */,
				D35FD948EF9C03A39BC6A4E0 /* Pods */,
				68BFA9EE6ACA38C160097694 /* Frameworks */,
			);
			sourceTree = "<group>";
		};
		8A8C5C731FC57F3E00A834EA /* Products */ = {
			isa = PBXGroup;
			children = (
				8A8C5C721FC57F3E00A834EA /* Places.app */,
			);
			name = Products;
			sourceTree = "<group>";
		};
		8A8C5C741FC57F3E00A834EA /* Places */ = {
			isa = PBXGroup;
			children = (
				258B06541FC8377B003A09B8 /* AddPlace */,
				2BCDF2341FC847ED00EA96F0 /* Extensions */,
				75F7EB721FC59B5B002F169E /* Login */,
				75F7EB771FC59E80002F169E /* Profile */,
				49E3C0071FC6D0CF00400A06 /* Custom elements */,
				2B4BA90E1FC5EC0E00B5E598 /* Detail Place */,
				8A8C5C771FC57F3E00A834EA /* ViewController.swift */,
				8A8C5C751FC57F3E00A834EA /* AppDelegate.swift */,
				52E5577A1FCA4868000B7FFC /* CustomTransition */,
				8A8C5C791FC57F3E00A834EA /* Main.storyboard */,
				8A8C5C7C1FC57F3E00A834EA /* Assets.xcassets */,
				8AAC34001FC6D2A10060C3A2 /* Settings */,
				8AA21ED31FC844360046202F /* ListView */,
				8AA21ED11FC844120046202F /* MapView */,
				8A8C5C7E1FC57F3E00A834EA /* LaunchScreen.storyboard */,
				8A8C5C811FC57F3E00A834EA /* Info.plist */,
				75F7EB821FC5A8AD002F169E /* GoogleService-Info.plist */,
			);
			path = Places;
			sourceTree = "<group>";
		};
		8AA21ED11FC844120046202F /* MapView */ = {
			isa = PBXGroup;
			children = (
				8A8C5C871FC5A1B000A834EA /* MapViewController.swift */,
				8AA21ED41FC8446B0046202F /* MapFilterTableViewCell.swift */,
				5291916A1FCC1E02008FD5AB /* myAnnotation.swift */,
			);
			path = MapView;
			sourceTree = "<group>";
		};
		8AA21ED31FC844360046202F /* ListView */ = {
			isa = PBXGroup;
			children = (
				8A8C5C891FC5A1C100A834EA /* ListViewController.swift */,
				8A9BF77B1FC6F89A002E970C /* ListTableViewCell.swift */,
			);
			path = ListView;
			sourceTree = "<group>";
		};
		8AAC34001FC6D2A10060C3A2 /* Settings */ = {
			isa = PBXGroup;
			children = (
				8A9BF77D1FC72238002E970C /* SettingsViewController.swift */,
				8AAC34031FC6D3BE0060C3A2 /* Settings.storyboard */,
				8A9BF7771FC6E22E002E970C /* SettingTableViewController.swift */,
				8A9C7C781FCB1AE8009B9C86 /* SliderTransition.swift */,
			);
			path = Settings;
			sourceTree = "<group>";
		};
		D35FD948EF9C03A39BC6A4E0 /* Pods */ = {
			isa = PBXGroup;
			children = (
				612ABD6E4073E47B3FBF9A37 /* Pods-Places.debug.xcconfig */,
				CB4057642B85CB5208C2B10D /* Pods-Places.release.xcconfig */,
			);
			name = Pods;
			sourceTree = "<group>";
		};
/* End PBXGroup section */

/* Begin PBXNativeTarget section */
		8A8C5C711FC57F3E00A834EA /* Places */ = {
			isa = PBXNativeTarget;
			buildConfigurationList = 8A8C5C841FC57F3E00A834EA /* Build configuration list for PBXNativeTarget "Places" */;
			buildPhases = (
				A44925F1985245B4F5D4F344 /* [CP] Check Pods Manifest.lock */,
				8A8C5C6E1FC57F3E00A834EA /* Sources */,
				8A8C5C6F1FC57F3E00A834EA /* Frameworks */,
				8A8C5C701FC57F3E00A834EA /* Resources */,
				98DF8F151135C21632D79C94 /* [CP] Embed Pods Frameworks */,
				888CB791D0AD3FA8FAC423C0 /* [CP] Copy Pods Resources */,
			);
			buildRules = (
			);
			dependencies = (
			);
			name = Places;
			productName = Places;
			productReference = 8A8C5C721FC57F3E00A834EA /* Places.app */;
			productType = "com.apple.product-type.application";
		};
/* End PBXNativeTarget section */

/* Begin PBXProject section */
		8A8C5C6A1FC57F3E00A834EA /* Project object */ = {
			isa = PBXProject;
			attributes = {
				LastSwiftUpdateCheck = 0910;
				LastUpgradeCheck = 0910;
				ORGANIZATIONNAME = andriibilan;
				TargetAttributes = {
					8A8C5C711FC57F3E00A834EA = {
						CreatedOnToolsVersion = 9.1;
						ProvisioningStyle = Automatic;
					};
				};
			};
			buildConfigurationList = 8A8C5C6D1FC57F3E00A834EA /* Build configuration list for PBXProject "Places" */;
			compatibilityVersion = "Xcode 8.0";
			developmentRegion = en;
			hasScannedForEncodings = 0;
			knownRegions = (
				en,
				Base,
			);
			mainGroup = 8A8C5C691FC57F3E00A834EA;
			productRefGroup = 8A8C5C731FC57F3E00A834EA /* Products */;
			projectDirPath = "";
			projectRoot = "";
			targets = (
				8A8C5C711FC57F3E00A834EA /* Places */,
			);
		};
/* End PBXProject section */

/* Begin PBXResourcesBuildPhase section */
		8A8C5C701FC57F3E00A834EA /* Resources */ = {
			isa = PBXResourcesBuildPhase;
			buildActionMask = 2147483647;
			files = (
				8A8C5C801FC57F3E00A834EA /* LaunchScreen.storyboard in Resources */,
				75F7EB831FC5A8AD002F169E /* GoogleService-Info.plist in Resources */,
				258B06561FC837C6003A09B8 /* NewPlaceBoard.storyboard in Resources */,
				8A8C5C7D1FC57F3E00A834EA /* Assets.xcassets in Resources */,
				75F7EB7B1FC59F33002F169E /* Login.storyboard in Resources */,
				2B4BA9131FC5EC0E00B5E598 /* DetailPlace.storyboard in Resources */,
				8AAC34041FC6D3BE0060C3A2 /* Settings.storyboard in Resources */,
				258B06581FC861A1003A09B8 /* high.jpg in Resources */,
				75F7EB7F1FC59F58002F169E /* Profile.storyboard in Resources */,
				8A8C5C7B1FC57F3E00A834EA /* Main.storyboard in Resources */,
			);
			runOnlyForDeploymentPostprocessing = 0;
		};
/* End PBXResourcesBuildPhase section */

/* Begin PBXShellScriptBuildPhase section */
		888CB791D0AD3FA8FAC423C0 /* [CP] Copy Pods Resources */ = {
			isa = PBXShellScriptBuildPhase;
			buildActionMask = 2147483647;
			files = (
			);
			inputPaths = (
			);
			name = "[CP] Copy Pods Resources";
			outputPaths = (
			);
			runOnlyForDeploymentPostprocessing = 0;
			shellPath = /bin/sh;
			shellScript = "\"${SRCROOT}/Pods/Target Support Files/Pods-Places/Pods-Places-resources.sh\"\n";
			showEnvVarsInLog = 0;
		};
		98DF8F151135C21632D79C94 /* [CP] Embed Pods Frameworks */ = {
			isa = PBXShellScriptBuildPhase;
			buildActionMask = 2147483647;
			files = (
			);
			inputPaths = (
			);
			name = "[CP] Embed Pods Frameworks";
			outputPaths = (
			);
			runOnlyForDeploymentPostprocessing = 0;
			shellPath = /bin/sh;
			shellScript = "\"${SRCROOT}/Pods/Target Support Files/Pods-Places/Pods-Places-frameworks.sh\"\n";
			showEnvVarsInLog = 0;
		};
		A44925F1985245B4F5D4F344 /* [CP] Check Pods Manifest.lock */ = {
			isa = PBXShellScriptBuildPhase;
			buildActionMask = 2147483647;
			files = (
			);
			inputPaths = (
			);
			name = "[CP] Check Pods Manifest.lock";
			outputPaths = (
			);
			runOnlyForDeploymentPostprocessing = 0;
			shellPath = /bin/sh;
			shellScript = "diff \"${PODS_PODFILE_DIR_PATH}/Podfile.lock\" \"${PODS_ROOT}/Manifest.lock\" > /dev/null\nif [ $? != 0 ] ; then\n    # print error to STDERR\n    echo \"error: The sandbox is not in sync with the Podfile.lock. Run 'pod install' or update your CocoaPods installation.\" >&2\n    exit 1\nfi\n";
			showEnvVarsInLog = 0;
		};
/* End PBXShellScriptBuildPhase section */

/* Begin PBXSourcesBuildPhase section */
		8A8C5C6E1FC57F3E00A834EA /* Sources */ = {
			isa = PBXSourcesBuildPhase;
			buildActionMask = 2147483647;
			files = (
				75F7EB791FC59E96002F169E /* ProfileViewController.swift in Sources */,
				2B4BA9141FC5EC0E00B5E598 /* DetailPlaceViewController.swift in Sources */,
				5291916B1FCC1E02008FD5AB /* myAnnotation.swift in Sources */,
				258B065A1FC861D6003A09B8 /* AddNewPlaceController.swift in Sources */,
				49E3C0091FC6D18E00400A06 /* UIButtonX.swift in Sources */,
				8A9C7C791FCB1AE8009B9C86 /* SliderTransition.swift in Sources */,
				75F7EB741FC59B75002F169E /* LoginViewController.swift in Sources */,
				2BCDF2361FC8481B00EA96F0 /* Extension for Double.swift in Sources */,
				757042221FCB09450075FC87 /* Validator.swift in Sources */,
				2B4BA9161FC5EC0E00B5E598 /* PhotoPagingViewController.swift in Sources */,
				757042261FCB097B0075FC87 /* AuthService.swift in Sources */,
				2BCDF2331FC83DE500EA96F0 /* TestModelPlace.swift in Sources */,
				49E3C00B1FC6D19300400A06 /* UIViewX.swift in Sources */,
				52E5577C1FCA4E90000B7FFC /* CustomTransitionAnimator.swift in Sources */,
				8A8C5C781FC57F3E00A834EA /* ViewController.swift in Sources */,
				49E3C00D1FC6D1A000400A06 /* FloatingActionButton.swift in Sources */,
				8AA21ED51FC8446B0046202F /* MapFilterTableViewCell.swift in Sources */,
				8A8C5C881FC5A1B000A834EA /* MapViewController.swift in Sources */,
				8A9BF77C1FC6F89A002E970C /* ListTableViewCell.swift in Sources */,
				25ACDC721FCC227400695896 /* Rating.swift in Sources */,
				8A9BF7781FC6E22E002E970C /* SettingTableViewController.swift in Sources */,
				2B4BA9151FC5EC0E00B5E598 /* PhotoCollectionViewCell.swift in Sources */,
				8A8C5C8A1FC5A1C100A834EA /* ListViewController.swift in Sources */,
				8A9C7C7B1FCB371A009B9C86 /* Extension for view.swift in Sources */,
				49E3C00F1FC6E12800400A06 /* UIImageViewX.swift in Sources */,
				8A8C5C761FC57F3E00A834EA /* AppDelegate.swift in Sources */,
				757042241FCB09620075FC87 /* User.swift in Sources */,
				8A9BF77E1FC72238002E970C /* SettingsViewController.swift in Sources */,
				75F7EB761FC59B84002F169E /* SignUpViewController.swift in Sources */,
			);
			runOnlyForDeploymentPostprocessing = 0;
		};
/* End PBXSourcesBuildPhase section */

/* Begin PBXVariantGroup section */
		8A8C5C791FC57F3E00A834EA /* Main.storyboard */ = {
			isa = PBXVariantGroup;
			children = (
				8A8C5C7A1FC57F3E00A834EA /* Base */,
			);
			name = Main.storyboard;
			sourceTree = "<group>";
		};
		8A8C5C7E1FC57F3E00A834EA /* LaunchScreen.storyboard */ = {
			isa = PBXVariantGroup;
			children = (
				8A8C5C7F1FC57F3E00A834EA /* Base */,
			);
			name = LaunchScreen.storyboard;
			sourceTree = "<group>";
		};
/* End PBXVariantGroup section */

/* Begin XCBuildConfiguration section */
		8A8C5C821FC57F3E00A834EA /* Debug */ = {
			isa = XCBuildConfiguration;
			buildSettings = {
				ALWAYS_SEARCH_USER_PATHS = NO;
				CLANG_ANALYZER_NONNULL = YES;
				CLANG_ANALYZER_NUMBER_OBJECT_CONVERSION = YES_AGGRESSIVE;
				CLANG_CXX_LANGUAGE_STANDARD = "gnu++14";
				CLANG_CXX_LIBRARY = "libc++";
				CLANG_ENABLE_MODULES = YES;
				CLANG_ENABLE_OBJC_ARC = YES;
				CLANG_WARN_BLOCK_CAPTURE_AUTORELEASING = YES;
				CLANG_WARN_BOOL_CONVERSION = YES;
				CLANG_WARN_COMMA = YES;
				CLANG_WARN_CONSTANT_CONVERSION = YES;
				CLANG_WARN_DIRECT_OBJC_ISA_USAGE = YES_ERROR;
				CLANG_WARN_DOCUMENTATION_COMMENTS = YES;
				CLANG_WARN_EMPTY_BODY = YES;
				CLANG_WARN_ENUM_CONVERSION = YES;
				CLANG_WARN_INFINITE_RECURSION = YES;
				CLANG_WARN_INT_CONVERSION = YES;
				CLANG_WARN_NON_LITERAL_NULL_CONVERSION = YES;
				CLANG_WARN_OBJC_LITERAL_CONVERSION = YES;
				CLANG_WARN_OBJC_ROOT_CLASS = YES_ERROR;
				CLANG_WARN_RANGE_LOOP_ANALYSIS = YES;
				CLANG_WARN_STRICT_PROTOTYPES = YES;
				CLANG_WARN_SUSPICIOUS_MOVE = YES;
				CLANG_WARN_UNGUARDED_AVAILABILITY = YES_AGGRESSIVE;
				CLANG_WARN_UNREACHABLE_CODE = YES;
				CLANG_WARN__DUPLICATE_METHOD_MATCH = YES;
				CODE_SIGN_IDENTITY = "iPhone Developer";
				COPY_PHASE_STRIP = NO;
				DEBUG_INFORMATION_FORMAT = dwarf;
				ENABLE_STRICT_OBJC_MSGSEND = YES;
				ENABLE_TESTABILITY = YES;
				GCC_C_LANGUAGE_STANDARD = gnu11;
				GCC_DYNAMIC_NO_PIC = NO;
				GCC_NO_COMMON_BLOCKS = YES;
				GCC_OPTIMIZATION_LEVEL = 0;
				GCC_PREPROCESSOR_DEFINITIONS = (
					"DEBUG=1",
					"$(inherited)",
				);
				GCC_WARN_64_TO_32_BIT_CONVERSION = YES;
				GCC_WARN_ABOUT_RETURN_TYPE = YES_ERROR;
				GCC_WARN_UNDECLARED_SELECTOR = YES;
				GCC_WARN_UNINITIALIZED_AUTOS = YES_AGGRESSIVE;
				GCC_WARN_UNUSED_FUNCTION = YES;
				GCC_WARN_UNUSED_VARIABLE = YES;
				IPHONEOS_DEPLOYMENT_TARGET = 11.1;
				MTL_ENABLE_DEBUG_INFO = YES;
				ONLY_ACTIVE_ARCH = YES;
				SDKROOT = iphoneos;
				SWIFT_ACTIVE_COMPILATION_CONDITIONS = DEBUG;
				SWIFT_OPTIMIZATION_LEVEL = "-Onone";
			};
			name = Debug;
		};
		8A8C5C831FC57F3E00A834EA /* Release */ = {
			isa = XCBuildConfiguration;
			buildSettings = {
				ALWAYS_SEARCH_USER_PATHS = NO;
				CLANG_ANALYZER_NONNULL = YES;
				CLANG_ANALYZER_NUMBER_OBJECT_CONVERSION = YES_AGGRESSIVE;
				CLANG_CXX_LANGUAGE_STANDARD = "gnu++14";
				CLANG_CXX_LIBRARY = "libc++";
				CLANG_ENABLE_MODULES = YES;
				CLANG_ENABLE_OBJC_ARC = YES;
				CLANG_WARN_BLOCK_CAPTURE_AUTORELEASING = YES;
				CLANG_WARN_BOOL_CONVERSION = YES;
				CLANG_WARN_COMMA = YES;
				CLANG_WARN_CONSTANT_CONVERSION = YES;
				CLANG_WARN_DIRECT_OBJC_ISA_USAGE = YES_ERROR;
				CLANG_WARN_DOCUMENTATION_COMMENTS = YES;
				CLANG_WARN_EMPTY_BODY = YES;
				CLANG_WARN_ENUM_CONVERSION = YES;
				CLANG_WARN_INFINITE_RECURSION = YES;
				CLANG_WARN_INT_CONVERSION = YES;
				CLANG_WARN_NON_LITERAL_NULL_CONVERSION = YES;
				CLANG_WARN_OBJC_LITERAL_CONVERSION = YES;
				CLANG_WARN_OBJC_ROOT_CLASS = YES_ERROR;
				CLANG_WARN_RANGE_LOOP_ANALYSIS = YES;
				CLANG_WARN_STRICT_PROTOTYPES = YES;
				CLANG_WARN_SUSPICIOUS_MOVE = YES;
				CLANG_WARN_UNGUARDED_AVAILABILITY = YES_AGGRESSIVE;
				CLANG_WARN_UNREACHABLE_CODE = YES;
				CLANG_WARN__DUPLICATE_METHOD_MATCH = YES;
				CODE_SIGN_IDENTITY = "iPhone Developer";
				COPY_PHASE_STRIP = NO;
				DEBUG_INFORMATION_FORMAT = "dwarf-with-dsym";
				ENABLE_NS_ASSERTIONS = NO;
				ENABLE_STRICT_OBJC_MSGSEND = YES;
				GCC_C_LANGUAGE_STANDARD = gnu11;
				GCC_NO_COMMON_BLOCKS = YES;
				GCC_WARN_64_TO_32_BIT_CONVERSION = YES;
				GCC_WARN_ABOUT_RETURN_TYPE = YES_ERROR;
				GCC_WARN_UNDECLARED_SELECTOR = YES;
				GCC_WARN_UNINITIALIZED_AUTOS = YES_AGGRESSIVE;
				GCC_WARN_UNUSED_FUNCTION = YES;
				GCC_WARN_UNUSED_VARIABLE = YES;
				IPHONEOS_DEPLOYMENT_TARGET = 11.1;
				MTL_ENABLE_DEBUG_INFO = NO;
				SDKROOT = iphoneos;
				SWIFT_OPTIMIZATION_LEVEL = "-Owholemodule";
				VALIDATE_PRODUCT = YES;
			};
			name = Release;
		};
		8A8C5C851FC57F3E00A834EA /* Debug */ = {
			isa = XCBuildConfiguration;
			baseConfigurationReference = 612ABD6E4073E47B3FBF9A37 /* Pods-Places.debug.xcconfig */;
			buildSettings = {
				ASSETCATALOG_COMPILER_APPICON_NAME = AppIcon;
				CODE_SIGN_STYLE = Automatic;
				DEVELOPMENT_TEAM = "";
				INFOPLIST_FILE = Places/Info.plist;
				LD_RUNPATH_SEARCH_PATHS = "$(inherited) @executable_path/Frameworks";
				PRODUCT_BUNDLE_IDENTIFIER = "-.Places";
				PRODUCT_NAME = "$(TARGET_NAME)";
				SWIFT_VERSION = 4.0;
				TARGETED_DEVICE_FAMILY = "1,2";
			};
			name = Debug;
		};
		8A8C5C861FC57F3E00A834EA /* Release */ = {
			isa = XCBuildConfiguration;
			baseConfigurationReference = CB4057642B85CB5208C2B10D /* Pods-Places.release.xcconfig */;
			buildSettings = {
				ASSETCATALOG_COMPILER_APPICON_NAME = AppIcon;
				CODE_SIGN_STYLE = Automatic;
				DEVELOPMENT_TEAM = "";
				INFOPLIST_FILE = Places/Info.plist;
				LD_RUNPATH_SEARCH_PATHS = "$(inherited) @executable_path/Frameworks";
				PRODUCT_BUNDLE_IDENTIFIER = "-.Places";
				PRODUCT_NAME = "$(TARGET_NAME)";
				SWIFT_VERSION = 4.0;
				TARGETED_DEVICE_FAMILY = "1,2";
			};
			name = Release;
		};
/* End XCBuildConfiguration section */

/* Begin XCConfigurationList section */
		8A8C5C6D1FC57F3E00A834EA /* Build configuration list for PBXProject "Places" */ = {
			isa = XCConfigurationList;
			buildConfigurations = (
				8A8C5C821FC57F3E00A834EA /* Debug */,
				8A8C5C831FC57F3E00A834EA /* Release */,
			);
			defaultConfigurationIsVisible = 0;
			defaultConfigurationName = Release;
		};
		8A8C5C841FC57F3E00A834EA /* Build configuration list for PBXNativeTarget "Places" */ = {
			isa = XCConfigurationList;
			buildConfigurations = (
				8A8C5C851FC57F3E00A834EA /* Debug */,
				8A8C5C861FC57F3E00A834EA /* Release */,
			);
			defaultConfigurationIsVisible = 0;
			defaultConfigurationName = Release;
		};
/* End XCConfigurationList section */
	};
	rootObject = 8A8C5C6A1FC57F3E00A834EA /* Project object */;
}
